// !$*UTF8*$!
{
	archiveVersion = 1;
	classes = {
	};
	objectVersion = 46;
	objects = {

/* Begin PBXBuildFile section */
		A46FCE031BBD7A8B002D4653 /* main.m in Sources */ = {isa = PBXBuildFile; fileRef = A46FCE021BBD7A8B002D4653 /* main.m */; };
		A46FCE061BBD7A8B002D4653 /* AppDelegate.m in Sources */ = {isa = PBXBuildFile; fileRef = A46FCE051BBD7A8B002D4653 /* AppDelegate.m */; };
		A46FCE091BBD7A8B002D4653 /* ViewController.m in Sources */ = {isa = PBXBuildFile; fileRef = A46FCE081BBD7A8B002D4653 /* ViewController.m */; };
		A46FCE0C1BBD7A8B002D4653 /* Main.storyboard in Resources */ = {isa = PBXBuildFile; fileRef = A46FCE0A1BBD7A8B002D4653 /* Main.storyboard */; };
		A46FCE0E1BBD7A8B002D4653 /* Assets.xcassets in Resources */ = {isa = PBXBuildFile; fileRef = A46FCE0D1BBD7A8B002D4653 /* Assets.xcassets */; };
		A46FCE111BBD7A8B002D4653 /* LaunchScreen.storyboard in Resources */ = {isa = PBXBuildFile; fileRef = A46FCE0F1BBD7A8B002D4653 /* LaunchScreen.storyboard */; };
		A46FCE1C1BBD7A8B002D4653 /* test_projectTests.m in Sources */ = {isa = PBXBuildFile; fileRef = A46FCE1B1BBD7A8B002D4653 /* test_projectTests.m */; };
		A46FCE271BBD7A8B002D4653 /* test_projectUITests.m in Sources */ = {isa = PBXBuildFile; fileRef = A46FCE261BBD7A8B002D4653 /* test_projectUITests.m */; };
		A46FCE361BBD7AB6002D4653 /* ShopItem.m in Sources */ = {isa = PBXBuildFile; fileRef = A46FCE351BBD7AB6002D4653 /* ShopItem.m */; settings = {ASSET_TAGS = (); }; };
/* End PBXBuildFile section */

/* Begin PBXContainerItemProxy section */
		A46FCE181BBD7A8B002D4653 /* PBXContainerItemProxy */ = {
			isa = PBXContainerItemProxy;
			containerPortal = A46FCDF61BBD7A8B002D4653 /* Project object */;
			proxyType = 1;
			remoteGlobalIDString = A46FCDFD1BBD7A8B002D4653;
			remoteInfo = "test-project";
		};
		A46FCE231BBD7A8B002D4653 /* PBXContainerItemProxy */ = {
			isa = PBXContainerItemProxy;
			containerPortal = A46FCDF61BBD7A8B002D4653 /* Project object */;
			proxyType = 1;
			remoteGlobalIDString = A46FCDFD1BBD7A8B002D4653;
			remoteInfo = "test-project";
		};
/* End PBXContainerItemProxy section */

/* Begin PBXFileReference section */
		A46FCDFE1BBD7A8B002D4653 /* test-project.app */ = {isa = PBXFileReference; explicitFileType = wrapper.application; includeInIndex = 0; path = "test-project.app"; sourceTree = BUILT_PRODUCTS_DIR; };
		A46FCE021BBD7A8B002D4653 /* main.m */ = {isa = PBXFileReference; lastKnownFileType = sourcecode.c.objc; path = main.m; sourceTree = "<group>"; };
		A46FCE041BBD7A8B002D4653 /* AppDelegate.h */ = {isa = PBXFileReference; lastKnownFileType = sourcecode.c.h; path = AppDelegate.h; sourceTree = "<group>"; };
		A46FCE051BBD7A8B002D4653 /* AppDelegate.m */ = {isa = PBXFileReference; lastKnownFileType = sourcecode.c.objc; path = AppDelegate.m; sourceTree = "<group>"; };
		A46FCE071BBD7A8B002D4653 /* ViewController.h */ = {isa = PBXFileReference; lastKnownFileType = sourcecode.c.h; path = ViewController.h; sourceTree = "<group>"; };
		A46FCE081BBD7A8B002D4653 /* ViewController.m */ = {isa = PBXFileReference; lastKnownFileType = sourcecode.c.objc; path = ViewController.m; sourceTree = "<group>"; };
		A46FCE0B1BBD7A8B002D4653 /* Base */ = {isa = PBXFileReference; lastKnownFileType = file.storyboard; name = Base; path = Base.lproj/Main.storyboard; sourceTree = "<group>"; };
		A46FCE0D1BBD7A8B002D4653 /* Assets.xcassets */ = {isa = PBXFileReference; lastKnownFileType = folder.assetcatalog; path = Assets.xcassets; sourceTree = "<group>"; };
		A46FCE101BBD7A8B002D4653 /* Base */ = {isa = PBXFileReference; lastKnownFileType = file.storyboard; name = Base; path = Base.lproj/LaunchScreen.storyboard; sourceTree = "<group>"; };
		A46FCE121BBD7A8B002D4653 /* Info.plist */ = {isa = PBXFileReference; lastKnownFileType = text.plist.xml; path = Info.plist; sourceTree = "<group>"; };
		A46FCE171BBD7A8B002D4653 /* test-projectTests.xctest */ = {isa = PBXFileReference; explicitFileType = wrapper.cfbundle; includeInIndex = 0; path = "test-projectTests.xctest"; sourceTree = BUILT_PRODUCTS_DIR; };
		A46FCE1B1BBD7A8B002D4653 /* test_projectTests.m */ = {isa = PBXFileReference; lastKnownFileType = sourcecode.c.objc; path = test_projectTests.m; sourceTree = "<group>"; };
		A46FCE1D1BBD7A8B002D4653 /* Info.plist */ = {isa = PBXFileReference; lastKnownFileType = text.plist.xml; path = Info.plist; sourceTree = "<group>"; };
		A46FCE221BBD7A8B002D4653 /* test-projectUITests.xctest */ = {isa = PBXFileReference; explicitFileType = wrapper.cfbundle; includeInIndex = 0; path = "test-projectUITests.xctest"; sourceTree = BUILT_PRODUCTS_DIR; };
		A46FCE261BBD7A8B002D4653 /* test_projectUITests.m */ = {isa = PBXFileReference; lastKnownFileType = sourcecode.c.objc; path = test_projectUITests.m; sourceTree = "<group>"; };
		A46FCE281BBD7A8B002D4653 /* Info.plist */ = {isa = PBXFileReference; lastKnownFileType = text.plist.xml; path = Info.plist; sourceTree = "<group>"; };
		A46FCE341BBD7AB6002D4653 /* ShopItem.h */ = {isa = PBXFileReference; fileEncoding = 4; lastKnownFileType = sourcecode.c.h; path = ShopItem.h; sourceTree = "<group>"; };
		A46FCE351BBD7AB6002D4653 /* ShopItem.m */ = {isa = PBXFileReference; fileEncoding = 4; lastKnownFileType = sourcecode.c.objc; path = ShopItem.m; sourceTree = "<group>"; };
/* End PBXFileReference section */

/* Begin PBXFrameworksBuildPhase section */
		A46FCDFB1BBD7A8B002D4653 /* Frameworks */ = {
			isa = PBXFrameworksBuildPhase;
			buildActionMask = 2147483647;
			files = (
			);
			runOnlyForDeploymentPostprocessing = 0;
		};
		A46FCE141BBD7A8B002D4653 /* Frameworks */ = {
			isa = PBXFrameworksBuildPhase;
			buildActionMask = 2147483647;
			files = (
			);
			runOnlyForDeploymentPostprocessing = 0;
		};
		A46FCE1F1BBD7A8B002D4653 /* Frameworks */ = {
			isa = PBXFrameworksBuildPhase;
			buildActionMask = 2147483647;
			files = (
			);
			runOnlyForDeploymentPostprocessing = 0;
		};
/* End PBXFrameworksBuildPhase section */

/* Begin PBXGroup section */
		A46FCDF51BBD7A8B002D4653 = {
			isa = PBXGroup;
			children = (
				A46FCE341BBD7AB6002D4653 /* ShopItem.h */,
				A46FCE351BBD7AB6002D4653 /* ShopItem.m */,
				A46FCE001BBD7A8B002D4653 /* test-project */,
				A46FCE1A1BBD7A8B002D4653 /* test-projectTests */,
				A46FCE251BBD7A8B002D4653 /* test-projectUITests */,
				A46FCDFF1BBD7A8B002D4653 /* Products */,
			);
			sourceTree = "<group>";
		};
		A46FCDFF1BBD7A8B002D4653 /* Products */ = {
			isa = PBXGroup;
			children = (
				A46FCDFE1BBD7A8B002D4653 /* test-project.app */,
				A46FCE171BBD7A8B002D4653 /* test-projectTests.xctest */,
				A46FCE221BBD7A8B002D4653 /* test-projectUITests.xctest */,
			);
			name = Products;
			sourceTree = "<group>";
		};
		A46FCE001BBD7A8B002D4653 /* test-project */ = {
			isa = PBXGroup;
			children = (
				A46FCE041BBD7A8B002D4653 /* AppDelegate.h */,
				A46FCE051BBD7A8B002D4653 /* AppDelegate.m */,
				A46FCE071BBD7A8B002D4653 /* ViewController.h */,
				A46FCE081BBD7A8B002D4653 /* ViewController.m */,
				A46FCE0A1BBD7A8B002D4653 /* Main.storyboard */,
				A46FCE0D1BBD7A8B002D4653 /* Assets.xcassets */,
				A46FCE0F1BBD7A8B002D4653 /* LaunchScreen.storyboard */,
				A46FCE121BBD7A8B002D4653 /* Info.plist */,
				A46FCE011BBD7A8B002D4653 /* Supporting Files */,
			);
			path = "test-project";
			sourceTree = "<group>";
		};
		A46FCE011BBD7A8B002D4653 /* Supporting Files */ = {
			isa = PBXGroup;
			children = (
				A46FCE021BBD7A8B002D4653 /* main.m */,
			);
			name = "Supporting Files";
			sourceTree = "<group>";
		};
		A46FCE1A1BBD7A8B002D4653 /* test-projectTests */ = {
			isa = PBXGroup;
			children = (
				A46FCE1B1BBD7A8B002D4653 /* test_projectTests.m */,
				A46FCE1D1BBD7A8B002D4653 /* Info.plist */,
			);
			path = "test-projectTests";
			sourceTree = "<group>";
		};
		A46FCE251BBD7A8B002D4653 /* test-projectUITests */ = {
			isa = PBXGroup;
			children = (
				A46FCE261BBD7A8B002D4653 /* test_projectUITests.m */,
				A46FCE281BBD7A8B002D4653 /* Info.plist */,
			);
			path = "test-projectUITests";
			sourceTree = "<group>";
		};
/* End PBXGroup section */

/* Begin PBXNativeTarget section */
		A46FCDFD1BBD7A8B002D4653 /* test-project */ = {
			isa = PBXNativeTarget;
			buildConfigurationList = A46FCE2B1BBD7A8B002D4653 /* Build configuration list for PBXNativeTarget "test-project" */;
			buildPhases = (
				A46FCDFA1BBD7A8B002D4653 /* Sources */,
				A46FCDFB1BBD7A8B002D4653 /* Frameworks */,
				A46FCDFC1BBD7A8B002D4653 /* Resources */,
			);
			buildRules = (
			);
			dependencies = (
			);
			name = "test-project";
			productName = "test-project";
			productReference = A46FCDFE1BBD7A8B002D4653 /* test-project.app */;
			productType = "com.apple.product-type.application";
		};
		A46FCE161BBD7A8B002D4653 /* test-projectTests */ = {
			isa = PBXNativeTarget;
			buildConfigurationList = A46FCE2E1BBD7A8B002D4653 /* Build configuration list for PBXNativeTarget "test-projectTests" */;
			buildPhases = (
				A46FCE131BBD7A8B002D4653 /* Sources */,
				A46FCE141BBD7A8B002D4653 /* Frameworks */,
				A46FCE151BBD7A8B002D4653 /* Resources */,
			);
			buildRules = (
			);
			dependencies = (
				A46FCE191BBD7A8B002D4653 /* PBXTargetDependency */,
			);
			name = "test-projectTests";
			productName = "test-projectTests";
			productReference = A46FCE171BBD7A8B002D4653 /* test-projectTests.xctest */;
			productType = "com.apple.product-type.bundle.unit-test";
		};
		A46FCE211BBD7A8B002D4653 /* test-projectUITests */ = {
			isa = PBXNativeTarget;
			buildConfigurationList = A46FCE311BBD7A8B002D4653 /* Build configuration list for PBXNativeTarget "test-projectUITests" */;
			buildPhases = (
				A46FCE1E1BBD7A8B002D4653 /* Sources */,
				A46FCE1F1BBD7A8B002D4653 /* Frameworks */,
				A46FCE201BBD7A8B002D4653 /* Resources */,
			);
			buildRules = (
			);
			dependencies = (
				A46FCE241BBD7A8B002D4653 /* PBXTargetDependency */,
			);
			name = "test-projectUITests";
			productName = "test-projectUITests";
			productReference = A46FCE221BBD7A8B002D4653 /* test-projectUITests.xctest */;
			productType = "com.apple.product-type.bundle.ui-testing";
		};
/* End PBXNativeTarget section */

/* Begin PBXProject section */
		A46FCDF61BBD7A8B002D4653 /* Project object */ = {
			isa = PBXProject;
			attributes = {
				LastUpgradeCheck = 0700;
				ORGANIZATIONNAME = Flatiron;
				TargetAttributes = {
					A46FCDFD1BBD7A8B002D4653 = {
						CreatedOnToolsVersion = 7.0.1;
					};
					A46FCE161BBD7A8B002D4653 = {
						CreatedOnToolsVersion = 7.0.1;
						TestTargetID = A46FCDFD1BBD7A8B002D4653;
					};
					A46FCE211BBD7A8B002D4653 = {
						CreatedOnToolsVersion = 7.0.1;
						TestTargetID = A46FCDFD1BBD7A8B002D4653;
					};
				};
			};
			buildConfigurationList = A46FCDF91BBD7A8B002D4653 /* Build configuration list for PBXProject "test-project" */;
			compatibilityVersion = "Xcode 3.2";
			developmentRegion = English;
			hasScannedForEncodings = 0;
			knownRegions = (
				en,
				Base,
			);
			mainGroup = A46FCDF51BBD7A8B002D4653;
			productRefGroup = A46FCDFF1BBD7A8B002D4653 /* Products */;
			projectDirPath = "";
			projectRoot = "";
			targets = (
				A46FCDFD1BBD7A8B002D4653 /* test-project */,
				A46FCE161BBD7A8B002D4653 /* test-projectTests */,
				A46FCE211BBD7A8B002D4653 /* test-projectUITests */,
			);
		};
/* End PBXProject section */

/* Begin PBXResourcesBuildPhase section */
		A46FCDFC1BBD7A8B002D4653 /* Resources */ = {
			isa = PBXResourcesBuildPhase;
			buildActionMask = 2147483647;
			files = (
				A46FCE111BBD7A8B002D4653 /* LaunchScreen.storyboard in Resources */,
				A46FCE0E1BBD7A8B002D4653 /* Assets.xcassets in Resources */,
				A46FCE0C1BBD7A8B002D4653 /* Main.storyboard in Resources */,
			);
			runOnlyForDeploymentPostprocessing = 0;
		};
		A46FCE151BBD7A8B002D4653 /* Resources */ = {
			isa = PBXResourcesBuildPhase;
			buildActionMask = 2147483647;
			files = (
			);
			runOnlyForDeploymentPostprocessing = 0;
		};
		A46FCE201BBD7A8B002D4653 /* Resources */ = {
			isa = PBXResourcesBuildPhase;
			buildActionMask = 2147483647;
			files = (
			);
			runOnlyForDeploymentPostprocessing = 0;
		};
/* End PBXResourcesBuildPhase section */

/* Begin PBXSourcesBuildPhase section */
		A46FCDFA1BBD7A8B002D4653 /* Sources */ = {
			isa = PBXSourcesBuildPhase;
			buildActionMask = 2147483647;
			files = (
				A46FCE091BBD7A8B002D4653 /* ViewController.m in Sources */,
				A46FCE061BBD7A8B002D4653 /* AppDelegate.m in Sources */,
				A46FCE361BBD7AB6002D4653 /* ShopItem.m in Sources */,
				A46FCE031BBD7A8B002D4653 /* main.m in Sources */,
			);
			runOnlyForDeploymentPostprocessing = 0;
		};
		A46FCE131BBD7A8B002D4653 /* Sources */ = {
			isa = PBXSourcesBuildPhase;
			buildActionMask = 2147483647;
			files = (
				A46FCE1C1BBD7A8B002D4653 /* test_projectTests.m in Sources */,
			);
			runOnlyForDeploymentPostprocessing = 0;
		};
		A46FCE1E1BBD7A8B002D4653 /* Sources */ = {
			isa = PBXSourcesBuildPhase;
			buildActionMask = 2147483647;
			files = (
				A46FCE271BBD7A8B002D4653 /* test_projectUITests.m in Sources */,
			);
			runOnlyForDeploymentPostprocessing = 0;
		};
/* End PBXSourcesBuildPhase section */

/* Begin PBXTargetDependency section */
		A46FCE191BBD7A8B002D4653 /* PBXTargetDependency */ = {
			isa = PBXTargetDependency;
			target = A46FCDFD1BBD7A8B002D4653 /* test-project */;
			targetProxy = A46FCE181BBD7A8B002D4653 /* PBXContainerItemProxy */;
		};
		A46FCE241BBD7A8B002D4653 /* PBXTargetDependency */ = {
			isa = PBXTargetDependency;
			target = A46FCDFD1BBD7A8B002D4653 /* test-project */;
			targetProxy = A46FCE231BBD7A8B002D4653 /* PBXContainerItemProxy */;
		};
/* End PBXTargetDependency section */

/* Begin PBXVariantGroup section */
		A46FCE0A1BBD7A8B002D4653 /* Main.storyboard */ = {
			isa = PBXVariantGroup;
			children = (
				A46FCE0B1BBD7A8B002D4653 /* Base */,
			);
			name = Main.storyboard;
			sourceTree = "<group>";
		};
		A46FCE0F1BBD7A8B002D4653 /* LaunchScreen.storyboard */ = {
			isa = PBXVariantGroup;
			children = (
				A46FCE101BBD7A8B002D4653 /* Base */,
			);
			name = LaunchScreen.storyboard;
			sourceTree = "<group>";
		};
/* End PBXVariantGroup section */

/* Begin XCBuildConfiguration section */
		A46FCE291BBD7A8B002D4653 /* Debug */ = {
			isa = XCBuildConfiguration;
			buildSettings = {
				ALWAYS_SEARCH_USER_PATHS = NO;
				CLANG_CXX_LANGUAGE_STANDARD = "gnu++0x";
				CLANG_CXX_LIBRARY = "libc++";
				CLANG_ENABLE_MODULES = YES;
				CLANG_ENABLE_OBJC_ARC = YES;
				CLANG_WARN_BOOL_CONVERSION = YES;
				CLANG_WARN_CONSTANT_CONVERSION = YES;
				CLANG_WARN_DIRECT_OBJC_ISA_USAGE = YES_ERROR;
				CLANG_WARN_EMPTY_BODY = YES;
				CLANG_WARN_ENUM_CONVERSION = YES;
				CLANG_WARN_INT_CONVERSION = YES;
				CLANG_WARN_OBJC_ROOT_CLASS = YES_ERROR;
				CLANG_WARN_UNREACHABLE_CODE = YES;
				CLANG_WARN__DUPLICATE_METHOD_MATCH = YES;
				"CODE_SIGN_IDENTITY[sdk=iphoneos*]" = "iPhone Developer";
				COPY_PHASE_STRIP = NO;
				DEBUG_INFORMATION_FORMAT = dwarf;
				ENABLE_STRICT_OBJC_MSGSEND = YES;
				ENABLE_TESTABILITY = YES;
				GCC_C_LANGUAGE_STANDARD = gnu99;
				GCC_DYNAMIC_NO_PIC = NO;
				GCC_NO_COMMON_BLOCKS = YES;
				GCC_OPTIMIZATION_LEVEL = 0;
				GCC_PREPROCESSOR_DEFINITIONS = (
					"DEBUG=1",
					"$(inherited)",
				);
				GCC_WARN_64_TO_32_BIT_CONVERSION = YES;
				GCC_WARN_ABOUT_RETURN_TYPE = YES_ERROR;
				GCC_WARN_UNDECLARED_SELECTOR = YES;
				GCC_WARN_UNINITIALIZED_AUTOS = YES_AGGRESSIVE;
				GCC_WARN_UNUSED_FUNCTION = YES;
				GCC_WARN_UNUSED_VARIABLE = YES;
				IPHONEOS_DEPLOYMENT_TARGET = 9.0;
				MTL_ENABLE_DEBUG_INFO = YES;
				ONLY_ACTIVE_ARCH = YES;
				SDKROOT = iphoneos;
			};
			name = Debug;
		};
		A46FCE2A1BBD7A8B002D4653 /* Release */ = {
			isa = XCBuildConfiguration;
			buildSettings = {
				ALWAYS_SEARCH_USER_PATHS = NO;
				CLANG_CXX_LANGUAGE_STANDARD = "gnu++0x";
				CLANG_CXX_LIBRARY = "libc++";
				CLANG_ENABLE_MODULES = YES;
				CLANG_ENABLE_OBJC_ARC = YES;
				CLANG_WARN_BOOL_CONVERSION = YES;
				CLANG_WARN_CONSTANT_CONVERSION = YES;
				CLANG_WARN_DIRECT_OBJC_ISA_USAGE = YES_ERROR;
				CLANG_WARN_EMPTY_BODY = YES;
				CLANG_WARN_ENUM_CONVERSION = YES;
				CLANG_WARN_INT_CONVERSION = YES;
				CLANG_WARN_OBJC_ROOT_CLASS = YES_ERROR;
				CLANG_WARN_UNREACHABLE_CODE = YES;
				CLANG_WARN__DUPLICATE_METHOD_MATCH = YES;
				"CODE_SIGN_IDENTITY[sdk=iphoneos*]" = "iPhone Developer";
				COPY_PHASE_STRIP = NO;
				DEBUG_INFORMATION_FORMAT = "dwarf-with-dsym";
				ENABLE_NS_ASSERTIONS = NO;
				ENABLE_STRICT_OBJC_MSGSEND = YES;
				GCC_C_LANGUAGE_STANDARD = gnu99;
				GCC_NO_COMMON_BLOCKS = YES;
				GCC_WARN_64_TO_32_BIT_CONVERSION = YES;
				GCC_WARN_ABOUT_RETURN_TYPE = YES_ERROR;
				GCC_WARN_UNDECLARED_SELECTOR = YES;
				GCC_WARN_UNINITIALIZED_AUTOS = YES_AGGRESSIVE;
				GCC_WARN_UNUSED_FUNCTION = YES;
				GCC_WARN_UNUSED_VARIABLE = YES;
				IPHONEOS_DEPLOYMENT_TARGET = 9.0;
				MTL_ENABLE_DEBUG_INFO = NO;
				SDKROOT = iphoneos;
				VALIDATE_PRODUCT = YES;
			};
			name = Release;
		};
		A46FCE2C1BBD7A8B002D4653 /* Debug */ = {
			isa = XCBuildConfiguration;
			buildSettings = {
				ASSETCATALOG_COMPILER_APPICON_NAME = AppIcon;
				INFOPLIST_FILE = "test-project/Info.plist";
				LD_RUNPATH_SEARCH_PATHS = "$(inherited) @executable_path/Frameworks";
				PRODUCT_BUNDLE_IDENTIFIER = "com.FIS.PalindromeFinder.test-project";
				PRODUCT_NAME = "$(TARGET_NAME)";
			};
			name = Debug;
		};
		A46FCE2D1BBD7A8B002D4653 /* Release */ = {
			isa = XCBuildConfiguration;
			buildSettings = {
				ASSETCATALOG_COMPILER_APPICON_NAME = AppIcon;
				INFOPLIST_FILE = "test-project/Info.plist";
				LD_RUNPATH_SEARCH_PATHS = "$(inherited) @executable_path/Frameworks";
				PRODUCT_BUNDLE_IDENTIFIER = "com.FIS.PalindromeFinder.test-project";
				PRODUCT_NAME = "$(TARGET_NAME)";
			};
			name = Release;
		};
		A46FCE2F1BBD7A8B002D4653 /* Debug */ = {
			isa = XCBuildConfiguration;
			buildSettings = {
				BUNDLE_LOADER = "$(TEST_HOST)";
				INFOPLIST_FILE = "test-projectTests/Info.plist";
				LD_RUNPATH_SEARCH_PATHS = "$(inherited) @executable_path/Frameworks @loader_path/Frameworks";
				PRODUCT_BUNDLE_IDENTIFIER = "com.FIS.PalindromeFinder.test-projectTests";
				PRODUCT_NAME = "$(TARGET_NAME)";
				TEST_HOST = "$(BUILT_PRODUCTS_DIR)/test-project.app/test-project";
			};
			name = Debug;
		};
		A46FCE301BBD7A8B002D4653 /* Release */ = {
			isa = XCBuildConfiguration;
			buildSettings = {
				BUNDLE_LOADER = "$(TEST_HOST)";
				INFOPLIST_FILE = "test-projectTests/Info.plist";
				LD_RUNPATH_SEARCH_PATHS = "$(inherited) @executable_path/Frameworks @loader_path/Frameworks";
				PRODUCT_BUNDLE_IDENTIFIER = "com.FIS.PalindromeFinder.test-projectTests";
				PRODUCT_NAME = "$(TARGET_NAME)";
				TEST_HOST = "$(BUILT_PRODUCTS_DIR)/test-project.app/test-project";
			};
			name = Release;
		};
		A46FCE321BBD7A8B002D4653 /* Debug */ = {
			isa = XCBuildConfiguration;
			buildSettings = {
				INFOPLIST_FILE = "test-projectUITests/Info.plist";
				LD_RUNPATH_SEARCH_PATHS = "$(inherited) @executable_path/Frameworks @loader_path/Frameworks";
				PRODUCT_BUNDLE_IDENTIFIER = "com.FIS.PalindromeFinder.test-projectUITests";
				PRODUCT_NAME = "$(TARGET_NAME)";
				TEST_TARGET_NAME = "test-project";
				USES_XCTRUNNER = YES;
			};
			name = Debug;
		};
		A46FCE331BBD7A8B002D4653 /* Release */ = {
			isa = XCBuildConfiguration;
			buildSettings = {
				INFOPLIST_FILE = "test-projectUITests/Info.plist";
				LD_RUNPATH_SEARCH_PATHS = "$(inherited) @executable_path/Frameworks @loader_path/Frameworks";
				PRODUCT_BUNDLE_IDENTIFIER = "com.FIS.PalindromeFinder.test-projectUITests";
				PRODUCT_NAME = "$(TARGET_NAME)";
				TEST_TARGET_NAME = "test-project";
				USES_XCTRUNNER = YES;
			};
			name = Release;
		};
/* End XCBuildConfiguration section */

/* Begin XCConfigurationList section */
		A46FCDF91BBD7A8B002D4653 /* Build configuration list for PBXProject "test-project" */ = {
			isa = XCConfigurationList;
			buildConfigurations = (
				A46FCE291BBD7A8B002D4653 /* Debug */,
				A46FCE2A1BBD7A8B002D4653 /* Release */,
			);
			defaultConfigurationIsVisible = 0;
			defaultConfigurationName = Release;
		};
		A46FCE2B1BBD7A8B002D4653 /* Build configuration list for PBXNativeTarget "test-project" */ = {
			isa = XCConfigurationList;
			buildConfigurations = (
				A46FCE2C1BBD7A8B002D4653 /* Debug */,
				A46FCE2D1BBD7A8B002D4653 /* Release */,
			);
			defaultConfigurationIsVisible = 0;
		};
		A46FCE2E1BBD7A8B002D4653 /* Build configuration list for PBXNativeTarget "test-projectTests" */ = {
			isa = XCConfigurationList;
			buildConfigurations = (
				A46FCE2F1BBD7A8B002D4653 /* Debug */,
				A46FCE301BBD7A8B002D4653 /* Release */,
			);
			defaultConfigurationIsVisible = 0;
		};
		A46FCE311BBD7A8B002D4653 /* Build configuration list for PBXNativeTarget "test-projectUITests" */ = {
			isa = XCConfigurationList;
			buildConfigurations = (
				A46FCE321BBD7A8B002D4653 /* Debug */,
				A46FCE331BBD7A8B002D4653 /* Release */,
			);
			defaultConfigurationIsVisible = 0;
		};
/* End XCConfigurationList section */
	};
	rootObject = A46FCDF61BBD7A8B002D4653 /* Project object */;
}
